
Microsoft Visual Studio Solution File, Format Version 12.00
# Visual Studio Version 16
VisualStudioVersion = 16.0.31624.102
MinimumVisualStudioVersion = 10.0.40219.1
Project("{FAE04EC0-301F-11D3-BF4B-00C04F79EFBC}") = "tgBot", "tgBot\tgBot.csproj", "{D64D3ADB-7614-4F96-A00F-2A0F463742D6}"
EndProject
Global
	GlobalSection(SolutionConfigurationPlatforms) = preSolution
		Debug|Any CPU = Debug|Any CPU
		Release|Any CPU = Release|Any CPU
	EndGlobalSection
	GlobalSection(ProjectConfigurationPlatforms) = postSolution
		{D64D3ADB-7614-4F96-A00F-2A0F463742D6}.Debug|Any CPU.ActiveCfg = Debug|Any CPU
		{D64D3ADB-7614-4F96-A00F-2A0F463742D6}.Debug|Any CPU.Build.0 = Debug|Any CPU
		{D64D3ADB-7614-4F96-A00F-2A0F463742D6}.Release|Any CPU.ActiveCfg = Release|Any CPU
		{D64D3ADB-7614-4F96-A00F-2A0F463742D6}.Release|Any CPU.Build.0 = Release|Any CPU
	EndGlobalSection
	GlobalSection(SolutionProperties) = preSolution
		HideSolutionNode = FALSE
	EndGlobalSection
	GlobalSection(ExtensibilityGlobals) = postSolution
		SolutionGuid = {936234C1-067D-4AEF-B15C-DE12E940B9ED}
	EndGlobalSection
EndGlobal
